// !$*UTF8*$!
{
	archiveVersion = 1;
	classes = {
	};
	objectVersion = 50;
	objects = {

/* Begin PBXBuildFile section */
		D45DAFDE2153FC5F00C45312 /* dual4k.png in Resources */ = {isa = PBXBuildFile; fileRef = D45DAFDC2153FC5F00C45312 /* dual4k.png */; };
		D45DAFDF2153FC5F00C45312 /* arch-640.png in Resources */ = {isa = PBXBuildFile; fileRef = D45DAFDD2153FC5F00C45312 /* arch-640.png */; };
		D49519E821529B1500945F17 /* mtpng in Resources */ = {isa = PBXBuildFile; fileRef = D49519E721529B1500945F17 /* mtpng */; };
		D49519EA21529B5F00945F17 /* libmtpng.a in Frameworks */ = {isa = PBXBuildFile; fileRef = D49519E921529B5F00945F17 /* libmtpng.a */; };
		D4CCEB4021527618001DB9D9 /* AppDelegate.swift in Sources */ = {isa = PBXBuildFile; fileRef = D4CCEB3F21527618001DB9D9 /* AppDelegate.swift */; };
		D4CCEB4221527618001DB9D9 /* ViewController.swift in Sources */ = {isa = PBXBuildFile; fileRef = D4CCEB4121527618001DB9D9 /* ViewController.swift */; };
		D4CCEB4521527618001DB9D9 /* Main.storyboard in Resources */ = {isa = PBXBuildFile; fileRef = D4CCEB4321527618001DB9D9 /* Main.storyboard */; };
		D4CCEB4721527619001DB9D9 /* Assets.xcassets in Resources */ = {isa = PBXBuildFile; fileRef = D4CCEB4621527619001DB9D9 /* Assets.xcassets */; };
		D4CCEB4A21527619001DB9D9 /* LaunchScreen.storyboard in Resources */ = {isa = PBXBuildFile; fileRef = D4CCEB4821527619001DB9D9 /* LaunchScreen.storyboard */; };
/* End PBXBuildFile section */

/* Begin PBXFileReference section */
		D45DAFDC2153FC5F00C45312 /* dual4k.png */ = {isa = PBXFileReference; lastKnownFileType = image.png; name = dual4k.png; path = ../../samples/dual4k.png; sourceTree = "<group>"; };
		D45DAFDD2153FC5F00C45312 /* arch-640.png */ = {isa = PBXFileReference; lastKnownFileType = image.png; name = "arch-640.png"; path = "../../samples/arch-640.png"; sourceTree = "<group>"; };
		D49519E721529B1500945F17 /* mtpng */ = {isa = PBXFileReference; lastKnownFileType = folder; name = mtpng; path = ../mtpng; sourceTree = "<group>"; };
		D49519E921529B5F00945F17 /* libmtpng.a */ = {isa = PBXFileReference; lastKnownFileType = archive.ar; name = libmtpng.a; path = ../mtpng/libmtpng.a; sourceTree = "<group>"; };
		D4CCEB3C21527618001DB9D9 /* mtpng-example.app */ = {isa = PBXFileReference; explicitFileType = wrapper.application; includeInIndex = 0; path = "mtpng-example.app"; sourceTree = BUILT_PRODUCTS_DIR; };
		D4CCEB3F21527618001DB9D9 /* AppDelegate.swift */ = {isa = PBXFileReference; lastKnownFileType = sourcecode.swift; path = AppDelegate.swift; sourceTree = "<group>"; };
		D4CCEB4121527618001DB9D9 /* ViewController.swift */ = {isa = PBXFileReference; lastKnownFileType = sourcecode.swift; path = ViewController.swift; sourceTree = "<group>"; };
		D4CCEB4421527618001DB9D9 /* Base */ = {isa = PBXFileReference; lastKnownFileType = file.storyboard; name = Base; path = Base.lproj/Main.storyboard; sourceTree = "<group>"; };
		D4CCEB4621527619001DB9D9 /* Assets.xcassets */ = {isa = PBXFileReference; lastKnownFileType = folder.assetcatalog; path = Assets.xcassets; sourceTree = "<group>"; };
		D4CCEB4921527619001DB9D9 /* Base */ = {isa = PBXFileReference; lastKnownFileType = file.storyboard; name = Base; path = Base.lproj/LaunchScreen.storyboard; sourceTree = "<group>"; };
		D4CCEB4B21527619001DB9D9 /* Info.plist */ = {isa = PBXFileReference; lastKnownFileType = text.plist.xml; path = Info.plist; sourceTree = "<group>"; };
/* End PBXFileReference section */

/* Begin PBXFrameworksBuildPhase section */
		D4CCEB3921527618001DB9D9 /* Frameworks */ = {
			isa = PBXFrameworksBuildPhase;
			buildActionMask = 2147483647;
			files = (
				D49519EA21529B5F00945F17 /* libmtpng.a in Frameworks */,
			);
			runOnlyForDeploymentPostprocessing = 0;
		};
/* End PBXFrameworksBuildPhase section */

/* Begin PBXGroup section */
		D4CCEB3321527618001DB9D9 = {
			isa = PBXGroup;
			children = (
				D45DAFDD2153FC5F00C45312 /* arch-640.png */,
				D45DAFDC2153FC5F00C45312 /* dual4k.png */,
				D49519E721529B1500945F17 /* mtpng */,
				D4CCEB3E21527618001DB9D9 /* mtpng-example */,
				D4CCEB3D21527618001DB9D9 /* Products */,
				D4CCEB5121527637001DB9D9 /* Frameworks */,
			);
			sourceTree = "<group>";
		};
		D4CCEB3D21527618001DB9D9 /* Products */ = {
			isa = PBXGroup;
			children = (
				D4CCEB3C21527618001DB9D9 /* mtpng-example.app */,
			);
			name = Products;
			sourceTree = "<group>";
		};
		D4CCEB3E21527618001DB9D9 /* mtpng-example */ = {
			isa = PBXGroup;
			children = (
				D4CCEB3F21527618001DB9D9 /* AppDelegate.swift */,
				D4CCEB4121527618001DB9D9 /* ViewController.swift */,
				D4CCEB4321527618001DB9D9 /* Main.storyboard */,
				D4CCEB4621527619001DB9D9 /* Assets.xcassets */,
				D4CCEB4821527619001DB9D9 /* LaunchScreen.storyboard */,
				D4CCEB4B21527619001DB9D9 /* Info.plist */,
			);
			path = "mtpng-example";
			sourceTree = "<group>";
		};
		D4CCEB5121527637001DB9D9 /* Frameworks */ = {
			isa = PBXGroup;
			children = (
				D49519E921529B5F00945F17 /* libmtpng.a */,
			);
			name = Frameworks;
			sourceTree = "<group>";
		};
/* End PBXGroup section */

/* Begin PBXNativeTarget section */
		D4CCEB3B21527618001DB9D9 /* mtpng-example */ = {
			isa = PBXNativeTarget;
			buildConfigurationList = D4CCEB4E21527619001DB9D9 /* Build configuration list for PBXNativeTarget "mtpng-example" */;
			buildPhases = (
				D4CCEB3821527618001DB9D9 /* Sources */,
				D4CCEB3921527618001DB9D9 /* Frameworks */,
				D4CCEB3A21527618001DB9D9 /* Resources */,
			);
			buildRules = (
			);
			dependencies = (
			);
			name = "mtpng-example";
			productName = "mtpng-example";
			productReference = D4CCEB3C21527618001DB9D9 /* mtpng-example.app */;
			productType = "com.apple.product-type.application";
		};
/* End PBXNativeTarget section */

/* Begin PBXProject section */
		D4CCEB3421527618001DB9D9 /* Project object */ = {
			isa = PBXProject;
			attributes = {
				LastSwiftUpdateCheck = 1000;
				LastUpgradeCheck = 1000;
				ORGANIZATIONNAME = "Brooke Vibber";
				TargetAttributes = {
					D4CCEB3B21527618001DB9D9 = {
						CreatedOnToolsVersion = 10.0;
					};
				};
			};
			buildConfigurationList = D4CCEB3721527618001DB9D9 /* Build configuration list for PBXProject "mtpng-example" */;
			compatibilityVersion = "Xcode 9.3";
			developmentRegion = en;
			hasScannedForEncodings = 0;
			knownRegions = (
				en,
				Base,
			);
			mainGroup = D4CCEB3321527618001DB9D9;
			productRefGroup = D4CCEB3D21527618001DB9D9 /* Products */;
			projectDirPath = "";
			projectRoot = "";
			targets = (
				D4CCEB3B21527618001DB9D9 /* mtpng-example */,
			);
		};
/* End PBXProject section */

/* Begin PBXResourcesBuildPhase section */
		D4CCEB3A21527618001DB9D9 /* Resources */ = {
			isa = PBXResourcesBuildPhase;
			buildActionMask = 2147483647;
			files = (
				D4CCEB4A21527619001DB9D9 /* LaunchScreen.storyboard in Resources */,
				D4CCEB4721527619001DB9D9 /* Assets.xcassets in Resources */,
				D45DAFDF2153FC5F00C45312 /* arch-640.png in Resources */,
				D45DAFDE2153FC5F00C45312 /* dual4k.png in Resources */,
				D4CCEB4521527618001DB9D9 /* Main.storyboard in Resources */,
				D49519E821529B1500945F17 /* mtpng in Resources */,
			);
			runOnlyForDeploymentPostprocessing = 0;
		};
/* End PBXResourcesBuildPhase section */

/* Begin PBXSourcesBuildPhase section */
		D4CCEB3821527618001DB9D9 /* Sources */ = {
			isa = PBXSourcesBuildPhase;
			buildActionMask = 2147483647;
			files = (
				D4CCEB4221527618001DB9D9 /* ViewController.swift in Sources */,
				D4CCEB4021527618001DB9D9 /* AppDelegate.swift in Sources */,
			);
			runOnlyForDeploymentPostprocessing = 0;
		};
/* End PBXSourcesBuildPhase section */

/* Begin PBXVariantGroup section */
		D4CCEB4321527618001DB9D9 /* Main.storyboard */ = {
			isa = PBXVariantGroup;
			children = (
				D4CCEB4421527618001DB9D9 /* Base */,
			);
			name = Main.storyboard;
			sourceTree = "<group>";
		};
		D4CCEB4821527619001DB9D9 /* LaunchScreen.storyboard */ = {
			isa = PBXVariantGroup;
			children = (
				D4CCEB4921527619001DB9D9 /* Base */,
			);
			name = LaunchScreen.storyboard;
			sourceTree = "<group>";
		};
/* End PBXVariantGroup section */

/* Begin XCBuildConfiguration section */
		D4CCEB4C21527619001DB9D9 /* Debug */ = {
			isa = XCBuildConfiguration;
			buildSettings = {
				ALWAYS_SEARCH_USER_PATHS = NO;
				CLANG_ANALYZER_NONNULL = YES;
				CLANG_ANALYZER_NUMBER_OBJECT_CONVERSION = YES_AGGRESSIVE;
				CLANG_CXX_LANGUAGE_STANDARD = "gnu++14";
				CLANG_CXX_LIBRARY = "libc++";
				CLANG_ENABLE_MODULES = YES;
				CLANG_ENABLE_OBJC_ARC = YES;
				CLANG_ENABLE_OBJC_WEAK = YES;
				CLANG_WARN_BLOCK_CAPTURE_AUTORELEASING = YES;
				CLANG_WARN_BOOL_CONVERSION = YES;
				CLANG_WARN_COMMA = YES;
				CLANG_WARN_CONSTANT_CONVERSION = YES;
				CLANG_WARN_DEPRECATED_OBJC_IMPLEMENTATIONS = YES;
				CLANG_WARN_DIRECT_OBJC_ISA_USAGE = YES_ERROR;
				CLANG_WARN_DOCUMENTATION_COMMENTS = YES;
				CLANG_WARN_EMPTY_BODY = YES;
				CLANG_WARN_ENUM_CONVERSION = YES;
				CLANG_WARN_INFINITE_RECURSION = YES;
				CLANG_WARN_INT_CONVERSION = YES;
				CLANG_WARN_NON_LITERAL_NULL_CONVERSION = YES;
				CLANG_WARN_OBJC_IMPLICIT_RETAIN_SELF = YES;
				CLANG_WARN_OBJC_LITERAL_CONVERSION = YES;
				CLANG_WARN_OBJC_ROOT_CLASS = YES_ERROR;
				CLANG_WARN_RANGE_LOOP_ANALYSIS = YES;
				CLANG_WARN_STRICT_PROTOTYPES = YES;
				CLANG_WARN_SUSPICIOUS_MOVE = YES;
				CLANG_WARN_UNGUARDED_AVAILABILITY = YES_AGGRESSIVE;
				CLANG_WARN_UNREACHABLE_CODE = YES;
				CLANG_WARN__DUPLICATE_METHOD_MATCH = YES;
				CODE_SIGN_IDENTITY = "iPhone Developer";
				COPY_PHASE_STRIP = NO;
				DEBUG_INFORMATION_FORMAT = dwarf;
				ENABLE_STRICT_OBJC_MSGSEND = YES;
				ENABLE_TESTABILITY = YES;
				GCC_C_LANGUAGE_STANDARD = gnu11;
				GCC_DYNAMIC_NO_PIC = NO;
				GCC_NO_COMMON_BLOCKS = YES;
				GCC_OPTIMIZATION_LEVEL = 0;
				GCC_PREPROCESSOR_DEFINITIONS = (
					"DEBUG=1",
					"$(inherited)",
				);
				GCC_WARN_64_TO_32_BIT_CONVERSION = YES;
				GCC_WARN_ABOUT_RETURN_TYPE = YES_ERROR;
				GCC_WARN_UNDECLARED_SELECTOR = YES;
				GCC_WARN_UNINITIALIZED_AUTOS = YES_AGGRESSIVE;
				GCC_WARN_UNUSED_FUNCTION = YES;
				GCC_WARN_UNUSED_VARIABLE = YES;
				IPHONEOS_DEPLOYMENT_TARGET = 12.0;
				MTL_ENABLE_DEBUG_INFO = INCLUDE_SOURCE;
				MTL_FAST_MATH = YES;
				ONLY_ACTIVE_ARCH = YES;
				SDKROOT = iphoneos;
				SWIFT_ACTIVE_COMPILATION_CONDITIONS = DEBUG;
				SWIFT_OPTIMIZATION_LEVEL = "-Onone";
			};
			name = Debug;
		};
		D4CCEB4D21527619001DB9D9 /* Release */ = {
			isa = XCBuildConfiguration;
			buildSettings = {
				ALWAYS_SEARCH_USER_PATHS = NO;
				CLANG_ANALYZER_NONNULL = YES;
				CLANG_ANALYZER_NUMBER_OBJECT_CONVERSION = YES_AGGRESSIVE;
				CLANG_CXX_LANGUAGE_STANDARD = "gnu++14";
				CLANG_CXX_LIBRARY = "libc++";
				CLANG_ENABLE_MODULES = YES;
				CLANG_ENABLE_OBJC_ARC = YES;
				CLANG_ENABLE_OBJC_WEAK = YES;
				CLANG_WARN_BLOCK_CAPTURE_AUTORELEASING = YES;
				CLANG_WARN_BOOL_CONVERSION = YES;
				CLANG_WARN_COMMA = YES;
				CLANG_WARN_CONSTANT_CONVERSION = YES;
				CLANG_WARN_DEPRECATED_OBJC_IMPLEMENTATIONS = YES;
				CLANG_WARN_DIRECT_OBJC_ISA_USAGE = YES_ERROR;
				CLANG_WARN_DOCUMENTATION_COMMENTS = YES;
				CLANG_WARN_EMPTY_BODY = YES;
				CLANG_WARN_ENUM_CONVERSION = YES;
				CLANG_WARN_INFINITE_RECURSION = YES;
				CLANG_WARN_INT_CONVERSION = YES;
				CLANG_WARN_NON_LITERAL_NULL_CONVERSION = YES;
				CLANG_WARN_OBJC_IMPLICIT_RETAIN_SELF = YES;
				CLANG_WARN_OBJC_LITERAL_CONVERSION = YES;
				CLANG_WARN_OBJC_ROOT_CLASS = YES_ERROR;
				CLANG_WARN_RANGE_LOOP_ANALYSIS = YES;
				CLANG_WARN_STRICT_PROTOTYPES = YES;
				CLANG_WARN_SUSPICIOUS_MOVE = YES;
				CLANG_WARN_UNGUARDED_AVAILABILITY = YES_AGGRESSIVE;
				CLANG_WARN_UNREACHABLE_CODE = YES;
				CLANG_WARN__DUPLICATE_METHOD_MATCH = YES;
				CODE_SIGN_IDENTITY = "iPhone Developer";
				COPY_PHASE_STRIP = NO;
				DEBUG_INFORMATION_FORMAT = "dwarf-with-dsym";
				ENABLE_NS_ASSERTIONS = NO;
				ENABLE_STRICT_OBJC_MSGSEND = YES;
				GCC_C_LANGUAGE_STANDARD = gnu11;
				GCC_NO_COMMON_BLOCKS = YES;
				GCC_WARN_64_TO_32_BIT_CONVERSION = YES;
				GCC_WARN_ABOUT_RETURN_TYPE = YES_ERROR;
				GCC_WARN_UNDECLARED_SELECTOR = YES;
				GCC_WARN_UNINITIALIZED_AUTOS = YES_AGGRESSIVE;
				GCC_WARN_UNUSED_FUNCTION = YES;
				GCC_WARN_UNUSED_VARIABLE = YES;
				IPHONEOS_DEPLOYMENT_TARGET = 12.0;
				MTL_ENABLE_DEBUG_INFO = NO;
				MTL_FAST_MATH = YES;
				SDKROOT = iphoneos;
				SWIFT_COMPILATION_MODE = wholemodule;
				SWIFT_OPTIMIZATION_LEVEL = "-O";
				VALIDATE_PRODUCT = YES;
			};
			name = Release;
		};
		D4CCEB4F21527619001DB9D9 /* Debug */ = {
			isa = XCBuildConfiguration;
			buildSettings = {
				ASSETCATALOG_COMPILER_APPICON_NAME = AppIcon;
				CODE_SIGN_STYLE = Automatic;
				DEVELOPMENT_TEAM = 7LBY3ZCYK9;
				ENABLE_BITCODE = NO;
				FRAMEWORK_SEARCH_PATHS = "$(SRCROOT)/../mtpng/";
				HEADER_SEARCH_PATHS = "$(SRCROOT)/../mtpng/";
				INFOPLIST_FILE = "mtpng-example/Info.plist";
				LD_RUNPATH_SEARCH_PATHS = (
					"$(inherited)",
					"@executable_path/Frameworks",
				);
				LIBRARY_SEARCH_PATHS = "$(SRCROOT)/../mtpng/";
				PRODUCT_BUNDLE_IDENTIFIER = "net.vibber.brooke.mtpng-example";
				PRODUCT_NAME = "$(TARGET_NAME)";
				SWIFT_INCLUDE_PATHS = "$(SRCROOT)/../mtpng";
				SWIFT_VERSION = 4.2;
				TARGETED_DEVICE_FAMILY = "1,2";
			};
			name = Debug;
		};
		D4CCEB5021527619001DB9D9 /* Release */ = {
			isa = XCBuildConfiguration;
			buildSettings = {
				ASSETCATALOG_COMPILER_APPICON_NAME = AppIcon;
				CODE_SIGN_STYLE = Automatic;
				DEVELOPMENT_TEAM = 7LBY3ZCYK9;
				ENABLE_BITCODE = NO;
				FRAMEWORK_SEARCH_PATHS = "$(SRCROOT)/../mtpng/";
				HEADER_SEARCH_PATHS = "$(SRCROOT)/../mtpng/";
				INFOPLIST_FILE = "mtpng-example/Info.plist";
				LD_RUNPATH_SEARCH_PATHS = (
					"$(inherited)",
					"@executable_path/Frameworks",
				);
				LIBRARY_SEARCH_PATHS = "$(SRCROOT)/../mtpng/";
				PRODUCT_BUNDLE_IDENTIFIER = "net.vibber.brooke.mtpng-example";
				PRODUCT_NAME = "$(TARGET_NAME)";
				SWIFT_INCLUDE_PATHS = "$(SRCROOT)/../mtpng";
				SWIFT_VERSION = 4.2;
				TARGETED_DEVICE_FAMILY = "1,2";
			};
			name = Release;
		};
/* End XCBuildConfiguration section */

/* Begin XCConfigurationList section */
		D4CCEB3721527618001DB9D9 /* Build configuration list for PBXProject "mtpng-example" */ = {
			isa = XCConfigurationList;
			buildConfigurations = (
				D4CCEB4C21527619001DB9D9 /* Debug */,
				D4CCEB4D21527619001DB9D9 /* Release */,
			);
			defaultConfigurationIsVisible = 0;
			defaultConfigurationName = Release;
		};
		D4CCEB4E21527619001DB9D9 /* Build configuration list for PBXNativeTarget "mtpng-example" */ = {
			isa = XCConfigurationList;
			buildConfigurations = (
				D4CCEB4F21527619001DB9D9 /* Debug */,
				D4CCEB5021527619001DB9D9 /* Release */,
			);
			defaultConfigurationIsVisible = 0;
			defaultConfigurationName = Release;
		};
/* End XCConfigurationList section */
	};
	rootObject = D4CCEB3421527618001DB9D9 /* Project object */;
}
